
Microsoft Visual Studio Solution File, Format Version 12.00
# Visual Studio Version 16
VisualStudioVersion = 16.0.30907.101
MinimumVisualStudioVersion = 10.0.40219.1
Project("{FAE04EC0-301F-11D3-BF4B-00C04F79EFBC}") = "HardyStrategies.Testing.CityLimits", "HardyStrategies.Testing.CityLimits\HardyStrategies.Testing.CityLimits.csproj", "{B555917C-F890-4EF6-9982-46C958A05931}"
EndProject
Project("{FAE04EC0-301F-11D3-BF4B-00C04F79EFBC}") = "HardyStrategies.Testing.Common", "HardyStrategies.Testing.Common\HardyStrategies.Testing.Common.csproj", "{7B9AD1FE-E633-46EB-A415-485EAD9105E9}"
EndProject
Project("{FAE04EC0-301F-11D3-BF4B-00C04F79EFBC}") = "HardyStrategies.Testing.SeleniumUtilities", "HardyStrategies.Testing.SeleniumUtilities\HardyStrategies.Testing.SeleniumUtilities.csproj", "{F35B68C7-2A2F-453D-924A-7FE8D31959D6}"
EndProject
Global
	GlobalSection(SolutionConfigurationPlatforms) = preSolution
		Debug|Any CPU = Debug|Any CPU
		Release|Any CPU = Release|Any CPU
	EndGlobalSection
	GlobalSection(ProjectConfigurationPlatforms) = postSolution
		{B555917C-F890-4EF6-9982-46C958A05931}.Debug|Any CPU.ActiveCfg = Debug|Any CPU
		{B555917C-F890-4EF6-9982-46C958A05931}.Debug|Any CPU.Build.0 = Debug|Any CPU
		{B555917C-F890-4EF6-9982-46C958A05931}.Release|Any CPU.ActiveCfg = Release|Any CPU
		{B555917C-F890-4EF6-9982-46C958A05931}.Release|Any CPU.Build.0 = Release|Any CPU
		{7B9AD1FE-E633-46EB-A415-485EAD9105E9}.Debug|Any CPU.ActiveCfg = Debug|Any CPU
		{7B9AD1FE-E633-46EB-A415-485EAD9105E9}.Debug|Any CPU.Build.0 = Debug|Any CPU
		{7B9AD1FE-E633-46EB-A415-485EAD9105E9}.Release|Any CPU.ActiveCfg = Release|Any CPU
		{7B9AD1FE-E633-46EB-A415-485EAD9105E9}.Release|Any CPU.Build.0 = Release|Any CPU
		{F35B68C7-2A2F-453D-924A-7FE8D31959D6}.Debug|Any CPU.ActiveCfg = Debug|Any CPU
		{F35B68C7-2A2F-453D-924A-7FE8D31959D6}.Debug|Any CPU.Build.0 = Debug|Any CPU
		{F35B68C7-2A2F-453D-924A-7FE8D31959D6}.Release|Any CPU.ActiveCfg = Release|Any CPU
		{F35B68C7-2A2F-453D-924A-7FE8D31959D6}.Release|Any CPU.Build.0 = Release|Any CPU
	EndGlobalSection
	GlobalSection(SolutionProperties) = preSolution
		HideSolutionNode = FALSE
	EndGlobalSection
	GlobalSection(ExtensibilityGlobals) = postSolution
		SolutionGuid = {A41A3489-1511-445A-8A26-27BF3DC05812}
	EndGlobalSection
EndGlobal
